
Microsoft Visual Studio Solution File, Format Version 12.00
# Visual Studio 14
VisualStudioVersion = 14.0.24720.0
MinimumVisualStudioVersion = 10.0.40219.1
Project("{FAE04EC0-301F-11D3-BF4B-00C04F79EFBC}") = "Carsales.Data", "Carsales.Data\Carsales.Data.csproj", "{5BCD3B73-1D36-4E5A-8BD1-D9325B1A3B6E}"
EndProject
Project("{FAE04EC0-301F-11D3-BF4B-00C04F79EFBC}") = "CarSales.Web", "CarSales.Web\CarSales.Web.csproj", "{B69AA473-64AA-4786-A177-691C104707FA}"
EndProject
Project("{FAE04EC0-301F-11D3-BF4B-00C04F79EFBC}") = "CarSales.Web.Tests", "CarSales.Web.Tests\CarSales.Web.Tests.csproj", "{D647AC16-9052-48F8-8442-8AB6B67E757E}"
EndProject
Project("{FAE04EC0-301F-11D3-BF4B-00C04F79EFBC}") = "CarSales.Biz", "CarSales.Biz\CarSales.Biz.csproj", "{673DF983-B798-411C-A36B-807B524FA859}"
EndProject
Project("{FAE04EC0-301F-11D3-BF4B-00C04F79EFBC}") = "CarSales.Repository", "CarSales.Repository\CarSales.Repository.csproj", "{8E83EDFC-9E19-42D3-96CB-9DAD0743F965}"
EndProject
Global
	GlobalSection(SolutionConfigurationPlatforms) = preSolution
		Debug|Any CPU = Debug|Any CPU
		Release|Any CPU = Release|Any CPU
	EndGlobalSection
	GlobalSection(ProjectConfigurationPlatforms) = postSolution
		{5BCD3B73-1D36-4E5A-8BD1-D9325B1A3B6E}.Debug|Any CPU.ActiveCfg = Debug|Any CPU
		{5BCD3B73-1D36-4E5A-8BD1-D9325B1A3B6E}.Debug|Any CPU.Build.0 = Debug|Any CPU
		{5BCD3B73-1D36-4E5A-8BD1-D9325B1A3B6E}.Release|Any CPU.ActiveCfg = Release|Any CPU
		{5BCD3B73-1D36-4E5A-8BD1-D9325B1A3B6E}.Release|Any CPU.Build.0 = Release|Any CPU
		{B69AA473-64AA-4786-A177-691C104707FA}.Debug|Any CPU.ActiveCfg = Debug|Any CPU
		{B69AA473-64AA-4786-A177-691C104707FA}.Debug|Any CPU.Build.0 = Debug|Any CPU
		{B69AA473-64AA-4786-A177-691C104707FA}.Release|Any CPU.ActiveCfg = Release|Any CPU
		{B69AA473-64AA-4786-A177-691C104707FA}.Release|Any CPU.Build.0 = Release|Any CPU
		{D647AC16-9052-48F8-8442-8AB6B67E757E}.Debug|Any CPU.ActiveCfg = Debug|Any CPU
		{D647AC16-9052-48F8-8442-8AB6B67E757E}.Debug|Any CPU.Build.0 = Debug|Any CPU
		{D647AC16-9052-48F8-8442-8AB6B67E757E}.Release|Any CPU.ActiveCfg = Release|Any CPU
		{D647AC16-9052-48F8-8442-8AB6B67E757E}.Release|Any CPU.Build.0 = Release|Any CPU
		{673DF983-B798-411C-A36B-807B524FA859}.Debug|Any CPU.ActiveCfg = Debug|Any CPU
		{673DF983-B798-411C-A36B-807B524FA859}.Debug|Any CPU.Build.0 = Debug|Any CPU
		{673DF983-B798-411C-A36B-807B524FA859}.Release|Any CPU.ActiveCfg = Release|Any CPU
		{673DF983-B798-411C-A36B-807B524FA859}.Release|Any CPU.Build.0 = Release|Any CPU
		{8E83EDFC-9E19-42D3-96CB-9DAD0743F965}.Debug|Any CPU.ActiveCfg = Debug|Any CPU
		{8E83EDFC-9E19-42D3-96CB-9DAD0743F965}.Debug|Any CPU.Build.0 = Debug|Any CPU
		{8E83EDFC-9E19-42D3-96CB-9DAD0743F965}.Release|Any CPU.ActiveCfg = Release|Any CPU
		{8E83EDFC-9E19-42D3-96CB-9DAD0743F965}.Release|Any CPU.Build.0 = Release|Any CPU
	EndGlobalSection
	GlobalSection(SolutionProperties) = preSolution
		HideSolutionNode = FALSE
	EndGlobalSection
EndGlobal
